
Microsoft Visual Studio Solution File, Format Version 12.00
# Visual Studio Version 17
VisualStudioVersion = 17.8.34525.116
MinimumVisualStudioVersion = 10.0.40219.1
Project("{FAE04EC0-301F-11D3-BF4B-00C04F79EFBC}") = "MWorkDaily", "MWorkDaily\MWorkDaily.csproj", "{04C5CC3F-C2FE-4984-B63D-D123456322D7}"
EndProject
Global
	GlobalSection(SolutionConfigurationPlatforms) = preSolution
		Debug|Any CPU = Debug|Any CPU
		Release|Any CPU = Release|Any CPU
	EndGlobalSection
	GlobalSection(ProjectConfigurationPlatforms) = postSolution
		{04C5CC3F-C2FE-4984-B63D-D123456322D7}.Debug|Any CPU.ActiveCfg = Debug|Any CPU
		{04C5CC3F-C2FE-4984-B63D-D123456322D7}.Debug|Any CPU.Build.0 = Debug|Any CPU
		{04C5CC3F-C2FE-4984-B63D-D123456322D7}.Debug|Any CPU.Deploy.0 = Debug|Any CPU
		{04C5CC3F-C2FE-4984-B63D-D123456322D7}.Release|Any CPU.ActiveCfg = Release|Any CPU
		{04C5CC3F-C2FE-4984-B63D-D123456322D7}.Release|Any CPU.Build.0 = Release|Any CPU
		{04C5CC3F-C2FE-4984-B63D-D123456322D7}.Release|Any CPU.Deploy.0 = Release|Any CPU
	EndGlobalSection
	GlobalSection(SolutionProperties) = preSolution
		HideSolutionNode = FALSE
	EndGlobalSection
	GlobalSection(ExtensibilityGlobals) = postSolution
		SolutionGuid = {05597FCA-C3A9-4C67-81CC-9F62AF1C904D}
	EndGlobalSection
EndGlobal
